// !$*UTF8*$!
{
	archiveVersion = 1;
	classes = {
	};
	objectVersion = 56;
	objects = {

/* Begin PBXBuildFile section */
		571463EF29C9A4D80040171A /* RegexCoachApp.swift in Sources */ = {isa = PBXBuildFile; fileRef = 571463EE29C9A4D80040171A /* RegexCoachApp.swift */; };
		571463F129C9A4D80040171A /* ContentView.swift in Sources */ = {isa = PBXBuildFile; fileRef = 571463F029C9A4D80040171A /* ContentView.swift */; };
		571463F329C9A4D90040171A /* Assets.xcassets in Resources */ = {isa = PBXBuildFile; fileRef = 571463F229C9A4D90040171A /* Assets.xcassets */; };
		571463F629C9A4D90040171A /* Preview Assets.xcassets in Resources */ = {isa = PBXBuildFile; fileRef = 571463F529C9A4D90040171A /* Preview Assets.xcassets */; };
		57EEE30829C9A6D500BACF71 /* Match.swift in Sources */ = {isa = PBXBuildFile; fileRef = 57EEE30729C9A6D500BACF71 /* Match.swift */; };
		57EEE30A29C9A75A00BACF71 /* ViewModel.swift in Sources */ = {isa = PBXBuildFile; fileRef = 57EEE30929C9A75A00BACF71 /* ViewModel.swift */; };
		57EEE30C29C9B26600BACF71 /* Range-Position.swift in Sources */ = {isa = PBXBuildFile; fileRef = 57EEE30B29C9B26600BACF71 /* Range-Position.swift */; };
/* End PBXBuildFile section */

/* Begin PBXFileReference section */
		571463EB29C9A4D80040171A /* RegexCoach.app */ = {isa = PBXFileReference; explicitFileType = wrapper.application; includeInIndex = 0; path = RegexCoach.app; sourceTree = BUILT_PRODUCTS_DIR; };
		571463EE29C9A4D80040171A /* RegexCoachApp.swift */ = {isa = PBXFileReference; lastKnownFileType = sourcecode.swift; path = RegexCoachApp.swift; sourceTree = "<group>"; };
		571463F029C9A4D80040171A /* ContentView.swift */ = {isa = PBXFileReference; lastKnownFileType = sourcecode.swift; path = ContentView.swift; sourceTree = "<group>"; };
		571463F229C9A4D90040171A /* Assets.xcassets */ = {isa = PBXFileReference; lastKnownFileType = folder.assetcatalog; path = Assets.xcassets; sourceTree = "<group>"; };
		571463F529C9A4D90040171A /* Preview Assets.xcassets */ = {isa = PBXFileReference; lastKnownFileType = folder.assetcatalog; path = "Preview Assets.xcassets"; sourceTree = "<group>"; };
		571463F729C9A4D90040171A /* RegexCoach.entitlements */ = {isa = PBXFileReference; lastKnownFileType = text.plist.entitlements; path = RegexCoach.entitlements; sourceTree = "<group>"; };
		57EEE30729C9A6D500BACF71 /* Match.swift */ = {isa = PBXFileReference; lastKnownFileType = sourcecode.swift; path = Match.swift; sourceTree = "<group>"; };
		57EEE30929C9A75A00BACF71 /* ViewModel.swift */ = {isa = PBXFileReference; lastKnownFileType = sourcecode.swift; path = ViewModel.swift; sourceTree = "<group>"; };
		57EEE30B29C9B26600BACF71 /* Range-Position.swift */ = {isa = PBXFileReference; lastKnownFileType = sourcecode.swift; path = "Range-Position.swift"; sourceTree = "<group>"; };
/* End PBXFileReference section */

/* Begin PBXFrameworksBuildPhase section */
		571463E829C9A4D80040171A /* Frameworks */ = {
			isa = PBXFrameworksBuildPhase;
			buildActionMask = 2147483647;
			files = (
			);
			runOnlyForDeploymentPostprocessing = 0;
		};
/* End PBXFrameworksBuildPhase section */

/* Begin PBXGroup section */
		571463E229C9A4D70040171A = {
			isa = PBXGroup;
			children = (
				571463ED29C9A4D80040171A /* RegexCoach */,
				571463EC29C9A4D80040171A /* Products */,
			);
			sourceTree = "<group>";
		};
		571463EC29C9A4D80040171A /* Products */ = {
			isa = PBXGroup;
			children = (
				571463EB29C9A4D80040171A /* RegexCoach.app */,
			);
			name = Products;
			sourceTree = "<group>";
		};
		571463ED29C9A4D80040171A /* RegexCoach */ = {
			isa = PBXGroup;
			children = (
				571463EE29C9A4D80040171A /* RegexCoachApp.swift */,
				571463F029C9A4D80040171A /* ContentView.swift */,
				57EEE30929C9A75A00BACF71 /* ViewModel.swift */,
				57EEE30729C9A6D500BACF71 /* Match.swift */,
				57EEE30B29C9B26600BACF71 /* Range-Position.swift */,
				571463F229C9A4D90040171A /* Assets.xcassets */,
				571463F729C9A4D90040171A /* RegexCoach.entitlements */,
				571463F429C9A4D90040171A /* Preview Content */,
			);
			path = RegexCoach;
			sourceTree = "<group>";
		};
		571463F429C9A4D90040171A /* Preview Content */ = {
			isa = PBXGroup;
			children = (
				571463F529C9A4D90040171A /* Preview Assets.xcassets */,
			);
			path = "Preview Content";
			sourceTree = "<group>";
		};
/* End PBXGroup section */

/* Begin PBXNativeTarget section */
		571463EA29C9A4D80040171A /* RegexCoach */ = {
			isa = PBXNativeTarget;
			buildConfigurationList = 571463FA29C9A4D90040171A /* Build configuration list for PBXNativeTarget "RegexCoach" */;
			buildPhases = (
				571463E729C9A4D80040171A /* Sources */,
				571463E829C9A4D80040171A /* Frameworks */,
				571463E929C9A4D80040171A /* Resources */,
			);
			buildRules = (
			);
			dependencies = (
			);
			name = RegexCoach;
			productName = RegexCoach;
			productReference = 571463EB29C9A4D80040171A /* RegexCoach.app */;
			productType = "com.apple.product-type.application";
		};
/* End PBXNativeTarget section */

/* Begin PBXProject section */
		571463E329C9A4D70040171A /* Project object */ = {
			isa = PBXProject;
			attributes = {
				BuildIndependentTargetsInParallel = 1;
				LastSwiftUpdateCheck = 1420;
				LastUpgradeCheck = 1420;
				TargetAttributes = {
					571463EA29C9A4D80040171A = {
						CreatedOnToolsVersion = 14.2;
					};
				};
			};
			buildConfigurationList = 571463E629C9A4D80040171A /* Build configuration list for PBXProject "RegexCoach" */;
			compatibilityVersion = "Xcode 14.0";
			developmentRegion = en;
			hasScannedForEncodings = 0;
			knownRegions = (
				en,
				Base,
			);
			mainGroup = 571463E229C9A4D70040171A;
			productRefGroup = 571463EC29C9A4D80040171A /* Products */;
			projectDirPath = "";
			projectRoot = "";
			targets = (
				571463EA29C9A4D80040171A /* RegexCoach */,
			);
		};
/* End PBXProject section */

/* Begin PBXResourcesBuildPhase section */
		571463E929C9A4D80040171A /* Resources */ = {
			isa = PBXResourcesBuildPhase;
			buildActionMask = 2147483647;
			files = (
				571463F629C9A4D90040171A /* Preview Assets.xcassets in Resources */,
				571463F329C9A4D90040171A /* Assets.xcassets in Resources */,
			);
			runOnlyForDeploymentPostprocessing = 0;
		};
/* End PBXResourcesBuildPhase section */

/* Begin PBXSourcesBuildPhase section */
		571463E729C9A4D80040171A /* Sources */ = {
			isa = PBXSourcesBuildPhase;
			buildActionMask = 2147483647;
			files = (
				571463F129C9A4D80040171A /* ContentView.swift in Sources */,
				571463EF29C9A4D80040171A /* RegexCoachApp.swift in Sources */,
				57EEE30A29C9A75A00BACF71 /* ViewModel.swift in Sources */,
				57EEE30829C9A6D500BACF71 /* Match.swift in Sources */,
				57EEE30C29C9B26600BACF71 /* Range-Position.swift in Sources */,
			);
			runOnlyForDeploymentPostprocessing = 0;
		};
/* End PBXSourcesBuildPhase section */

/* Begin XCBuildConfiguration section */
		571463F829C9A4D90040171A /* Debug */ = {
			isa = XCBuildConfiguration;
			buildSettings = {
				ALWAYS_SEARCH_USER_PATHS = NO;
				CLANG_ANALYZER_NONNULL = YES;
				CLANG_ANALYZER_NUMBER_OBJECT_CONVERSION = YES_AGGRESSIVE;
				CLANG_CXX_LANGUAGE_STANDARD = "gnu++20";
				CLANG_ENABLE_MODULES = YES;
				CLANG_ENABLE_OBJC_ARC = YES;
				CLANG_ENABLE_OBJC_WEAK = YES;
				CLANG_WARN_BLOCK_CAPTURE_AUTORELEASING = YES;
				CLANG_WARN_BOOL_CONVERSION = YES;
				CLANG_WARN_COMMA = YES;
				CLANG_WARN_CONSTANT_CONVERSION = YES;
				CLANG_WARN_DEPRECATED_OBJC_IMPLEMENTATIONS = YES;
				CLANG_WARN_DIRECT_OBJC_ISA_USAGE = YES_ERROR;
				CLANG_WARN_DOCUMENTATION_COMMENTS = YES;
				CLANG_WARN_EMPTY_BODY = YES;
				CLANG_WARN_ENUM_CONVERSION = YES;
				CLANG_WARN_INFINITE_RECURSION = YES;
				CLANG_WARN_INT_CONVERSION = YES;
				CLANG_WARN_NON_LITERAL_NULL_CONVERSION = YES;
				CLANG_WARN_OBJC_IMPLICIT_RETAIN_SELF = YES;
				CLANG_WARN_OBJC_LITERAL_CONVERSION = YES;
				CLANG_WARN_OBJC_ROOT_CLASS = YES_ERROR;
				CLANG_WARN_QUOTED_INCLUDE_IN_FRAMEWORK_HEADER = YES;
				CLANG_WARN_RANGE_LOOP_ANALYSIS = YES;
				CLANG_WARN_STRICT_PROTOTYPES = YES;
				CLANG_WARN_SUSPICIOUS_MOVE = YES;
				CLANG_WARN_UNGUARDED_AVAILABILITY = YES_AGGRESSIVE;
				CLANG_WARN_UNREACHABLE_CODE = YES;
				CLANG_WARN__DUPLICATE_METHOD_MATCH = YES;
				COPY_PHASE_STRIP = NO;
				DEBUG_INFORMATION_FORMAT = dwarf;
				ENABLE_STRICT_OBJC_MSGSEND = YES;
				ENABLE_TESTABILITY = YES;
				GCC_C_LANGUAGE_STANDARD = gnu11;
				GCC_DYNAMIC_NO_PIC = NO;
				GCC_NO_COMMON_BLOCKS = YES;
				GCC_OPTIMIZATION_LEVEL = 0;
				GCC_PREPROCESSOR_DEFINITIONS = (
					"DEBUG=1",
					"$(inherited)",
				);
				GCC_WARN_64_TO_32_BIT_CONVERSION = YES;
				GCC_WARN_ABOUT_RETURN_TYPE = YES_ERROR;
				GCC_WARN_UNDECLARED_SELECTOR = YES;
				GCC_WARN_UNINITIALIZED_AUTOS = YES_AGGRESSIVE;
				GCC_WARN_UNUSED_FUNCTION = YES;
				GCC_WARN_UNUSED_VARIABLE = YES;
				MACOSX_DEPLOYMENT_TARGET = 13.1;
				MTL_ENABLE_DEBUG_INFO = INCLUDE_SOURCE;
				MTL_FAST_MATH = YES;
				ONLY_ACTIVE_ARCH = YES;
				SDKROOT = macosx;
				SWIFT_ACTIVE_COMPILATION_CONDITIONS = DEBUG;
				SWIFT_OPTIMIZATION_LEVEL = "-Onone";
			};
			name = Debug;
		};
		571463F929C9A4D90040171A /* Release */ = {
			isa = XCBuildConfiguration;
			buildSettings = {
				ALWAYS_SEARCH_USER_PATHS = NO;
				CLANG_ANALYZER_NONNULL = YES;
				CLANG_ANALYZER_NUMBER_OBJECT_CONVERSION = YES_AGGRESSIVE;
				CLANG_CXX_LANGUAGE_STANDARD = "gnu++20";
				CLANG_ENABLE_MODULES = YES;
				CLANG_ENABLE_OBJC_ARC = YES;
				CLANG_ENABLE_OBJC_WEAK = YES;
				CLANG_WARN_BLOCK_CAPTURE_AUTORELEASING = YES;
				CLANG_WARN_BOOL_CONVERSION = YES;
				CLANG_WARN_COMMA = YES;
				CLANG_WARN_CONSTANT_CONVERSION = YES;
				CLANG_WARN_DEPRECATED_OBJC_IMPLEMENTATIONS = YES;
				CLANG_WARN_DIRECT_OBJC_ISA_USAGE = YES_ERROR;
				CLANG_WARN_DOCUMENTATION_COMMENTS = YES;
				CLANG_WARN_EMPTY_BODY = YES;
				CLANG_WARN_ENUM_CONVERSION = YES;
				CLANG_WARN_INFINITE_RECURSION = YES;
				CLANG_WARN_INT_CONVERSION = YES;
				CLANG_WARN_NON_LITERAL_NULL_CONVERSION = YES;
				CLANG_WARN_OBJC_IMPLICIT_RETAIN_SELF = YES;
				CLANG_WARN_OBJC_LITERAL_CONVERSION = YES;
				CLANG_WARN_OBJC_ROOT_CLASS = YES_ERROR;
				CLANG_WARN_QUOTED_INCLUDE_IN_FRAMEWORK_HEADER = YES;
				CLANG_WARN_RANGE_LOOP_ANALYSIS = YES;
				CLANG_WARN_STRICT_PROTOTYPES = YES;
				CLANG_WARN_SUSPICIOUS_MOVE = YES;
				CLANG_WARN_UNGUARDED_AVAILABILITY = YES_AGGRESSIVE;
				CLANG_WARN_UNREACHABLE_CODE = YES;
				CLANG_WARN__DUPLICATE_METHOD_MATCH = YES;
				COPY_PHASE_STRIP = NO;
				DEBUG_INFORMATION_FORMAT = "dwarf-with-dsym";
				ENABLE_NS_ASSERTIONS = NO;
				ENABLE_STRICT_OBJC_MSGSEND = YES;
				GCC_C_LANGUAGE_STANDARD = gnu11;
				GCC_NO_COMMON_BLOCKS = YES;
				GCC_WARN_64_TO_32_BIT_CONVERSION = YES;
				GCC_WARN_ABOUT_RETURN_TYPE = YES_ERROR;
				GCC_WARN_UNDECLARED_SELECTOR = YES;
				GCC_WARN_UNINITIALIZED_AUTOS = YES_AGGRESSIVE;
				GCC_WARN_UNUSED_FUNCTION = YES;
				GCC_WARN_UNUSED_VARIABLE = YES;
				MACOSX_DEPLOYMENT_TARGET = 13.1;
				MTL_ENABLE_DEBUG_INFO = NO;
				MTL_FAST_MATH = YES;
				SDKROOT = macosx;
				SWIFT_COMPILATION_MODE = wholemodule;
				SWIFT_OPTIMIZATION_LEVEL = "-O";
			};
			name = Release;
		};
		571463FB29C9A4D90040171A /* Debug */ = {
			isa = XCBuildConfiguration;
			buildSettings = {
				ASSETCATALOG_COMPILER_APPICON_NAME = AppIcon;
				ASSETCATALOG_COMPILER_GLOBAL_ACCENT_COLOR_NAME = AccentColor;
				CODE_SIGN_ENTITLEMENTS = RegexCoach/RegexCoach.entitlements;
				CODE_SIGN_STYLE = Automatic;
				COMBINE_HIDPI_IMAGES = YES;
				CURRENT_PROJECT_VERSION = 1;
				DEVELOPMENT_ASSET_PATHS = "\"RegexCoach/Preview Content\"";
				DEVELOPMENT_TEAM = 2UZBQ4Q9LW;
				ENABLE_HARDENED_RUNTIME = YES;
				ENABLE_PREVIEWS = YES;
				GENERATE_INFOPLIST_FILE = YES;
				INFOPLIST_KEY_NSHumanReadableCopyright = "";
				LD_RUNPATH_SEARCH_PATHS = (
					"$(inherited)",
					"@executable_path/../Frameworks",
				);
				MARKETING_VERSION = 1.0;
				PRODUCT_BUNDLE_IDENTIFIER = dev.aleos.RegexCoach;
				PRODUCT_NAME = "$(TARGET_NAME)";
				SWIFT_EMIT_LOC_STRINGS = YES;
				SWIFT_VERSION = 5.0;
			};
			name = Debug;
		};
		571463FC29C9A4D90040171A /* Release */ = {
			isa = XCBuildConfiguration;
			buildSettings = {
				ASSETCATALOG_COMPILER_APPICON_NAME = AppIcon;
				ASSETCATALOG_COMPILER_GLOBAL_ACCENT_COLOR_NAME = AccentColor;
				CODE_SIGN_ENTITLEMENTS = RegexCoach/RegexCoach.entitlements;
				CODE_SIGN_STYLE = Automatic;
				COMBINE_HIDPI_IMAGES = YES;
				CURRENT_PROJECT_VERSION = 1;
				DEVELOPMENT_ASSET_PATHS = "\"RegexCoach/Preview Content\"";
				DEVELOPMENT_TEAM = 2UZBQ4Q9LW;
				ENABLE_HARDENED_RUNTIME = YES;
				ENABLE_PREVIEWS = YES;
				GENERATE_INFOPLIST_FILE = YES;
				INFOPLIST_KEY_NSHumanReadableCopyright = "";
				LD_RUNPATH_SEARCH_PATHS = (
					"$(inherited)",
					"@executable_path/../Frameworks",
				);
				MARKETING_VERSION = 1.0;
				PRODUCT_BUNDLE_IDENTIFIER = dev.aleos.RegexCoach;
				PRODUCT_NAME = "$(TARGET_NAME)";
				SWIFT_EMIT_LOC_STRINGS = YES;
				SWIFT_VERSION = 5.0;
			};
			name = Release;
		};
/* End XCBuildConfiguration section */

/* Begin XCConfigurationList section */
		571463E629C9A4D80040171A /* Build configuration list for PBXProject "RegexCoach" */ = {
			isa = XCConfigurationList;
			buildConfigurations = (
				571463F829C9A4D90040171A /* Debug */,
				571463F929C9A4D90040171A /* Release */,
			);
			defaultConfigurationIsVisible = 0;
			defaultConfigurationName = Release;
		};
		571463FA29C9A4D90040171A /* Build configuration list for PBXNativeTarget "RegexCoach" */ = {
			isa = XCConfigurationList;
			buildConfigurations = (
				571463FB29C9A4D90040171A /* Debug */,
				571463FC29C9A4D90040171A /* Release */,
			);
			defaultConfigurationIsVisible = 0;
			defaultConfigurationName = Release;
		};
/* End XCConfigurationList section */
	};
	rootObject = 571463E329C9A4D70040171A /* Project object */;
}
